{
  "object": {
    "pins": [
      {
        "package": "GoogleAppMeasurement",
        "repositoryURL": "https://github.com/google/GoogleAppMeasurement.git",
        "state": {
          "branch": null,
          "revision": "22cb3ab5588200b210ae01e42665f52ac4e8ad28",
          "version": "7.11.1"
        }
      },
      {
        "package": "GoogleUserMessagingPlatform-SPM",
        "repositoryURL": "https://github.com/quanghits/GoogleUserMessagingPlatform-SPM",
        "state": {
          "branch": null,
          "revision": "6fdbd0acf0e583ec453903cd3d521d833f470cad",
          "version": "1.1.0"
        }
      },
      {
        "package": "GoogleUtilities",
        "repositoryURL": "https://github.com/google/GoogleUtilities.git",
        "state": {
          "branch": null,
          "revision": "66f5945ac3a4c4ac268bf94c31f226116b14e327",
          "version": "7.4.0"
        }
      },
      {
        "package": "nanopb",
        "repositoryURL": "https://github.com/firebase/nanopb.git",
        "state": {
          "branch": null,
          "revision": "7ee9ef9f627d85cbe1b8c4f49a3ed26eed216c77",
          "version": "2.30908.0"
        }
      },
      {
        "package": "Promises",
        "repositoryURL": "https://github.com/google/promises.git",
        "state": {
          "branch": null,
          "revision": "afa9a1ace74e116848d4f743599ab83e584ff8cb",
          "version": "1.2.12"
        }
      }
    ]
  },
  "version": 1
}
